{
	"name": "html-lexer",
	"lockfileVersion": 2,
	"requires": true,
	"packages": {
		"": {
			"name": "html-lexer"
		},
		"../../../repl_support": {
			"name": "repl-support",
			"extraneous": true,
			"dependencies": {
				"preload": "file:../preload",
				"repl-detail": "file:detail",
				"repl-plugins": "file:plugins",
				"repl-support-types": "file:types"
			}
		},
		"plugin": {
			"name": "html-lexer-plugin",
			"extraneous": true
		}
	}
}
