{
	"name": "named",
	"lockfileVersion": 3,
	"requires": true,
	"packages": {
		"": {
			"devDependencies": {
				"@types/jquery": "^3.5.13",
				"@types/node": "^18.11.9"
			}
		},
		"node_modules/@types/jquery": {
			"version": "3.5.14",
			"resolved": "https://registry.npmjs.org/@types/jquery/-/jquery-3.5.14.tgz",
			"integrity": "sha512-X1gtMRMbziVQkErhTQmSe2jFwwENA/Zr+PprCkF63vFq+Yt5PZ4AlKqgmeNlwgn7dhsXEK888eIW2520EpC+xg==",
			"dev": true,
			"dependencies": {
				"@types/sizzle": "*"
			}
		},
		"node_modules/@types/node": {
			"version": "18.11.9",
			"resolved": "https://registry.npmjs.org/@types/node/-/node-18.11.9.tgz",
			"integrity": "sha512-CRpX21/kGdzjOpFsZSkcrXMGIBWMGNIHXXBVFSH+ggkftxg+XYP20TESbh+zFvFj3EQOl5byk0HTRn1IL6hbqg==",
			"dev": true
		},
		"node_modules/@types/sizzle": {
			"version": "2.3.3",
			"resolved": "https://registry.npmjs.org/@types/sizzle/-/sizzle-2.3.3.tgz",
			"integrity": "sha512-JYM8x9EGF163bEyhdJBpR2QX1R5naCJHC8ucJylJ3w9/CVBaskdQ8WqBf8MmQrd1kRvp/a4TS8HJ+bxzR7ZJYQ==",
			"dev": true
		}
	}
}
